// !$*UTF8*$!
{
	archiveVersion = 1;
	classes = {
	};
	objectVersion = 50;
	objects = {

/* Begin PBXBuildFile section */
		FA1AA11B264F202B001D238B /* AlertControllerViewController.swift in Sources */ = {isa = PBXBuildFile; fileRef = FA1AA11A264F202B001D238B /* AlertControllerViewController.swift */; };
		FA6323A5264C0EA800E2A39B /* AppDelegate.swift in Sources */ = {isa = PBXBuildFile; fileRef = FA6323A4264C0EA800E2A39B /* AppDelegate.swift */; };
		FA6323A9264C0EA800E2A39B /* TaskListViewController.swift in Sources */ = {isa = PBXBuildFile; fileRef = FA6323A8264C0EA800E2A39B /* TaskListViewController.swift */; };
		FA6323AF264C0EA800E2A39B /* TaskListCoreData.xcdatamodeld in Sources */ = {isa = PBXBuildFile; fileRef = FA6323AD264C0EA800E2A39B /* TaskListCoreData.xcdatamodeld */; };
		FA6323B1264C0EA900E2A39B /* Assets.xcassets in Resources */ = {isa = PBXBuildFile; fileRef = FA6323B0264C0EA900E2A39B /* Assets.xcassets */; };
		FA6323B4264C0EA900E2A39B /* LaunchScreen.storyboard in Resources */ = {isa = PBXBuildFile; fileRef = FA6323B2264C0EA900E2A39B /* LaunchScreen.storyboard */; };
		FA6323BC264C311B00E2A39B /* StorageManager.swift in Sources */ = {isa = PBXBuildFile; fileRef = FA6323BB264C311B00E2A39B /* StorageManager.swift */; };
/* End PBXBuildFile section */

/* Begin PBXFileReference section */
		FA1AA11A264F202B001D238B /* AlertControllerViewController.swift */ = {isa = PBXFileReference; lastKnownFileType = sourcecode.swift; path = AlertControllerViewController.swift; sourceTree = "<group>"; };
		FA6323A1264C0EA800E2A39B /* TaskListCoreData.app */ = {isa = PBXFileReference; explicitFileType = wrapper.application; includeInIndex = 0; path = TaskListCoreData.app; sourceTree = BUILT_PRODUCTS_DIR; };
		FA6323A4264C0EA800E2A39B /* AppDelegate.swift */ = {isa = PBXFileReference; lastKnownFileType = sourcecode.swift; path = AppDelegate.swift; sourceTree = "<group>"; };
		FA6323A8264C0EA800E2A39B /* TaskListViewController.swift */ = {isa = PBXFileReference; lastKnownFileType = sourcecode.swift; path = TaskListViewController.swift; sourceTree = "<group>"; };
		FA6323AE264C0EA800E2A39B /* TaskListCoreData.xcdatamodel */ = {isa = PBXFileReference; lastKnownFileType = wrapper.xcdatamodel; path = TaskListCoreData.xcdatamodel; sourceTree = "<group>"; };
		FA6323B0264C0EA900E2A39B /* Assets.xcassets */ = {isa = PBXFileReference; lastKnownFileType = folder.assetcatalog; path = Assets.xcassets; sourceTree = "<group>"; };
		FA6323B3264C0EA900E2A39B /* Base */ = {isa = PBXFileReference; lastKnownFileType = file.storyboard; name = Base; path = Base.lproj/LaunchScreen.storyboard; sourceTree = "<group>"; };
		FA6323B5264C0EA900E2A39B /* Info.plist */ = {isa = PBXFileReference; lastKnownFileType = text.plist.xml; path = Info.plist; sourceTree = "<group>"; };
		FA6323BB264C311B00E2A39B /* StorageManager.swift */ = {isa = PBXFileReference; lastKnownFileType = sourcecode.swift; path = StorageManager.swift; sourceTree = "<group>"; };
/* End PBXFileReference section */

/* Begin PBXFrameworksBuildPhase section */
		FA63239E264C0EA800E2A39B /* Frameworks */ = {
			isa = PBXFrameworksBuildPhase;
			buildActionMask = 2147483647;
			files = (
			);
			runOnlyForDeploymentPostprocessing = 0;
		};
/* End PBXFrameworksBuildPhase section */

/* Begin PBXGroup section */
		FA632398264C0EA800E2A39B = {
			isa = PBXGroup;
			children = (
				FA6323A3264C0EA800E2A39B /* TaskListCoreData */,
				FA6323A2264C0EA800E2A39B /* Products */,
			);
			sourceTree = "<group>";
		};
		FA6323A2264C0EA800E2A39B /* Products */ = {
			isa = PBXGroup;
			children = (
				FA6323A1264C0EA800E2A39B /* TaskListCoreData.app */,
			);
			name = Products;
			sourceTree = "<group>";
		};
		FA6323A3264C0EA800E2A39B /* TaskListCoreData */ = {
			isa = PBXGroup;
			children = (
				FA6323A4264C0EA800E2A39B /* AppDelegate.swift */,
				FA6323A8264C0EA800E2A39B /* TaskListViewController.swift */,
				FA6323B0264C0EA900E2A39B /* Assets.xcassets */,
				FA6323B2264C0EA900E2A39B /* LaunchScreen.storyboard */,
				FA6323B5264C0EA900E2A39B /* Info.plist */,
				FA6323AD264C0EA800E2A39B /* TaskListCoreData.xcdatamodeld */,
				FA6323BB264C311B00E2A39B /* StorageManager.swift */,
				FA1AA11A264F202B001D238B /* AlertControllerViewController.swift */,
			);
			path = TaskListCoreData;
			sourceTree = "<group>";
		};
/* End PBXGroup section */

/* Begin PBXNativeTarget section */
		FA6323A0264C0EA800E2A39B /* TaskListCoreData */ = {
			isa = PBXNativeTarget;
			buildConfigurationList = FA6323B8264C0EA900E2A39B /* Build configuration list for PBXNativeTarget "TaskListCoreData" */;
			buildPhases = (
				FA63239D264C0EA800E2A39B /* Sources */,
				FA63239E264C0EA800E2A39B /* Frameworks */,
				FA63239F264C0EA800E2A39B /* Resources */,
			);
			buildRules = (
			);
			dependencies = (
			);
			name = TaskListCoreData;
			productName = TaskListCoreData;
			productReference = FA6323A1264C0EA800E2A39B /* TaskListCoreData.app */;
			productType = "com.apple.product-type.application";
		};
/* End PBXNativeTarget section */

/* Begin PBXProject section */
		FA632399264C0EA800E2A39B /* Project object */ = {
			isa = PBXProject;
			attributes = {
				LastSwiftUpdateCheck = 1250;
				LastUpgradeCheck = 1250;
				TargetAttributes = {
					FA6323A0264C0EA800E2A39B = {
						CreatedOnToolsVersion = 12.5;
					};
				};
			};
			buildConfigurationList = FA63239C264C0EA800E2A39B /* Build configuration list for PBXProject "TaskListCoreData" */;
			compatibilityVersion = "Xcode 9.3";
			developmentRegion = en;
			hasScannedForEncodings = 0;
			knownRegions = (
				en,
				Base,
			);
			mainGroup = FA632398264C0EA800E2A39B;
			productRefGroup = FA6323A2264C0EA800E2A39B /* Products */;
			projectDirPath = "";
			projectRoot = "";
			targets = (
				FA6323A0264C0EA800E2A39B /* TaskListCoreData */,
			);
		};
/* End PBXProject section */

/* Begin PBXResourcesBuildPhase section */
		FA63239F264C0EA800E2A39B /* Resources */ = {
			isa = PBXResourcesBuildPhase;
			buildActionMask = 2147483647;
			files = (
				FA6323B4264C0EA900E2A39B /* LaunchScreen.storyboard in Resources */,
				FA6323B1264C0EA900E2A39B /* Assets.xcassets in Resources */,
			);
			runOnlyForDeploymentPostprocessing = 0;
		};
/* End PBXResourcesBuildPhase section */

/* Begin PBXSourcesBuildPhase section */
		FA63239D264C0EA800E2A39B /* Sources */ = {
			isa = PBXSourcesBuildPhase;
			buildActionMask = 2147483647;
			files = (
				FA6323A9264C0EA800E2A39B /* TaskListViewController.swift in Sources */,
				FA6323A5264C0EA800E2A39B /* AppDelegate.swift in Sources */,
				FA6323AF264C0EA800E2A39B /* TaskListCoreData.xcdatamodeld in Sources */,
				FA6323BC264C311B00E2A39B /* StorageManager.swift in Sources */,
				FA1AA11B264F202B001D238B /* AlertControllerViewController.swift in Sources */,
			);
			runOnlyForDeploymentPostprocessing = 0;
		};
/* End PBXSourcesBuildPhase section */

/* Begin PBXVariantGroup section */
		FA6323B2264C0EA900E2A39B /* LaunchScreen.storyboard */ = {
			isa = PBXVariantGroup;
			children = (
				FA6323B3264C0EA900E2A39B /* Base */,
			);
			name = LaunchScreen.storyboard;
			sourceTree = "<group>";
		};
/* End PBXVariantGroup section */

/* Begin XCBuildConfiguration section */
		FA6323B6264C0EA900E2A39B /* Debug */ = {
			isa = XCBuildConfiguration;
			buildSettings = {
				ALWAYS_SEARCH_USER_PATHS = NO;
				CLANG_ANALYZER_NONNULL = YES;
				CLANG_ANALYZER_NUMBER_OBJECT_CONVERSION = YES_AGGRESSIVE;
				CLANG_CXX_LANGUAGE_STANDARD = "gnu++14";
				CLANG_CXX_LIBRARY = "libc++";
				CLANG_ENABLE_MODULES = YES;
				CLANG_ENABLE_OBJC_ARC = YES;
				CLANG_ENABLE_OBJC_WEAK = YES;
				CLANG_WARN_BLOCK_CAPTURE_AUTORELEASING = YES;
				CLANG_WARN_BOOL_CONVERSION = YES;
				CLANG_WARN_COMMA = YES;
				CLANG_WARN_CONSTANT_CONVERSION = YES;
				CLANG_WARN_DEPRECATED_OBJC_IMPLEMENTATIONS = YES;
				CLANG_WARN_DIRECT_OBJC_ISA_USAGE = YES_ERROR;
				CLANG_WARN_DOCUMENTATION_COMMENTS = YES;
				CLANG_WARN_EMPTY_BODY = YES;
				CLANG_WARN_ENUM_CONVERSION = YES;
				CLANG_WARN_INFINITE_RECURSION = YES;
				CLANG_WARN_INT_CONVERSION = YES;
				CLANG_WARN_NON_LITERAL_NULL_CONVERSION = YES;
				CLANG_WARN_OBJC_IMPLICIT_RETAIN_SELF = YES;
				CLANG_WARN_OBJC_LITERAL_CONVERSION = YES;
				CLANG_WARN_OBJC_ROOT_CLASS = YES_ERROR;
				CLANG_WARN_QUOTED_INCLUDE_IN_FRAMEWORK_HEADER = YES;
				CLANG_WARN_RANGE_LOOP_ANALYSIS = YES;
				CLANG_WARN_STRICT_PROTOTYPES = YES;
				CLANG_WARN_SUSPICIOUS_MOVE = YES;
				CLANG_WARN_UNGUARDED_AVAILABILITY = YES_AGGRESSIVE;
				CLANG_WARN_UNREACHABLE_CODE = YES;
				CLANG_WARN__DUPLICATE_METHOD_MATCH = YES;
				COPY_PHASE_STRIP = NO;
				DEBUG_INFORMATION_FORMAT = dwarf;
				ENABLE_STRICT_OBJC_MSGSEND = YES;
				ENABLE_TESTABILITY = YES;
				GCC_C_LANGUAGE_STANDARD = gnu11;
				GCC_DYNAMIC_NO_PIC = NO;
				GCC_NO_COMMON_BLOCKS = YES;
				GCC_OPTIMIZATION_LEVEL = 0;
				GCC_PREPROCESSOR_DEFINITIONS = (
					"DEBUG=1",
					"$(inherited)",
				);
				GCC_WARN_64_TO_32_BIT_CONVERSION = YES;
				GCC_WARN_ABOUT_RETURN_TYPE = YES_ERROR;
				GCC_WARN_UNDECLARED_SELECTOR = YES;
				GCC_WARN_UNINITIALIZED_AUTOS = YES_AGGRESSIVE;
				GCC_WARN_UNUSED_FUNCTION = YES;
				GCC_WARN_UNUSED_VARIABLE = YES;
				IPHONEOS_DEPLOYMENT_TARGET = 14.5;
				MTL_ENABLE_DEBUG_INFO = INCLUDE_SOURCE;
				MTL_FAST_MATH = YES;
				ONLY_ACTIVE_ARCH = YES;
				SDKROOT = iphoneos;
				SWIFT_ACTIVE_COMPILATION_CONDITIONS = DEBUG;
				SWIFT_OPTIMIZATION_LEVEL = "-Onone";
			};
			name = Debug;
		};
		FA6323B7264C0EA900E2A39B /* Release */ = {
			isa = XCBuildConfiguration;
			buildSettings = {
				ALWAYS_SEARCH_USER_PATHS = NO;
				CLANG_ANALYZER_NONNULL = YES;
				CLANG_ANALYZER_NUMBER_OBJECT_CONVERSION = YES_AGGRESSIVE;
				CLANG_CXX_LANGUAGE_STANDARD = "gnu++14";
				CLANG_CXX_LIBRARY = "libc++";
				CLANG_ENABLE_MODULES = YES;
				CLANG_ENABLE_OBJC_ARC = YES;
				CLANG_ENABLE_OBJC_WEAK = YES;
				CLANG_WARN_BLOCK_CAPTURE_AUTORELEASING = YES;
				CLANG_WARN_BOOL_CONVERSION = YES;
				CLANG_WARN_COMMA = YES;
				CLANG_WARN_CONSTANT_CONVERSION = YES;
				CLANG_WARN_DEPRECATED_OBJC_IMPLEMENTATIONS = YES;
				CLANG_WARN_DIRECT_OBJC_ISA_USAGE = YES_ERROR;
				CLANG_WARN_DOCUMENTATION_COMMENTS = YES;
				CLANG_WARN_EMPTY_BODY = YES;
				CLANG_WARN_ENUM_CONVERSION = YES;
				CLANG_WARN_INFINITE_RECURSION = YES;
				CLANG_WARN_INT_CONVERSION = YES;
				CLANG_WARN_NON_LITERAL_NULL_CONVERSION = YES;
				CLANG_WARN_OBJC_IMPLICIT_RETAIN_SELF = YES;
				CLANG_WARN_OBJC_LITERAL_CONVERSION = YES;
				CLANG_WARN_OBJC_ROOT_CLASS = YES_ERROR;
				CLANG_WARN_QUOTED_INCLUDE_IN_FRAMEWORK_HEADER = YES;
				CLANG_WARN_RANGE_LOOP_ANALYSIS = YES;
				CLANG_WARN_STRICT_PROTOTYPES = YES;
				CLANG_WARN_SUSPICIOUS_MOVE = YES;
				CLANG_WARN_UNGUARDED_AVAILABILITY = YES_AGGRESSIVE;
				CLANG_WARN_UNREACHABLE_CODE = YES;
				CLANG_WARN__DUPLICATE_METHOD_MATCH = YES;
				COPY_PHASE_STRIP = NO;
				DEBUG_INFORMATION_FORMAT = "dwarf-with-dsym";
				ENABLE_NS_ASSERTIONS = NO;
				ENABLE_STRICT_OBJC_MSGSEND = YES;
				GCC_C_LANGUAGE_STANDARD = gnu11;
				GCC_NO_COMMON_BLOCKS = YES;
				GCC_WARN_64_TO_32_BIT_CONVERSION = YES;
				GCC_WARN_ABOUT_RETURN_TYPE = YES_ERROR;
				GCC_WARN_UNDECLARED_SELECTOR = YES;
				GCC_WARN_UNINITIALIZED_AUTOS = YES_AGGRESSIVE;
				GCC_WARN_UNUSED_FUNCTION = YES;
				GCC_WARN_UNUSED_VARIABLE = YES;
				IPHONEOS_DEPLOYMENT_TARGET = 14.5;
				MTL_ENABLE_DEBUG_INFO = NO;
				MTL_FAST_MATH = YES;
				SDKROOT = iphoneos;
				SWIFT_COMPILATION_MODE = wholemodule;
				SWIFT_OPTIMIZATION_LEVEL = "-O";
				VALIDATE_PRODUCT = YES;
			};
			name = Release;
		};
		FA6323B9264C0EA900E2A39B /* Debug */ = {
			isa = XCBuildConfiguration;
			buildSettings = {
				ASSETCATALOG_COMPILER_APPICON_NAME = AppIcon;
				ASSETCATALOG_COMPILER_GLOBAL_ACCENT_COLOR_NAME = AccentColor;
				CODE_SIGN_STYLE = Automatic;
				INFOPLIST_FILE = TaskListCoreData/Info.plist;
				LD_RUNPATH_SEARCH_PATHS = (
					"$(inherited)",
					"@executable_path/Frameworks",
				);
				PRODUCT_BUNDLE_IDENTIFIER = "Nikita-Alekseev.TaskListCoreData";
				PRODUCT_NAME = "$(TARGET_NAME)";
				SWIFT_VERSION = 5.0;
				TARGETED_DEVICE_FAMILY = "1,2";
			};
			name = Debug;
		};
		FA6323BA264C0EA900E2A39B /* Release */ = {
			isa = XCBuildConfiguration;
			buildSettings = {
				ASSETCATALOG_COMPILER_APPICON_NAME = AppIcon;
				ASSETCATALOG_COMPILER_GLOBAL_ACCENT_COLOR_NAME = AccentColor;
				CODE_SIGN_STYLE = Automatic;
				INFOPLIST_FILE = TaskListCoreData/Info.plist;
				LD_RUNPATH_SEARCH_PATHS = (
					"$(inherited)",
					"@executable_path/Frameworks",
				);
				PRODUCT_BUNDLE_IDENTIFIER = "Nikita-Alekseev.TaskListCoreData";
				PRODUCT_NAME = "$(TARGET_NAME)";
				SWIFT_VERSION = 5.0;
				TARGETED_DEVICE_FAMILY = "1,2";
			};
			name = Release;
		};
/* End XCBuildConfiguration section */

/* Begin XCConfigurationList section */
		FA63239C264C0EA800E2A39B /* Build configuration list for PBXProject "TaskListCoreData" */ = {
			isa = XCConfigurationList;
			buildConfigurations = (
				FA6323B6264C0EA900E2A39B /* Debug */,
				FA6323B7264C0EA900E2A39B /* Release */,
			);
			defaultConfigurationIsVisible = 0;
			defaultConfigurationName = Release;
		};
		FA6323B8264C0EA900E2A39B /* Build configuration list for PBXNativeTarget "TaskListCoreData" */ = {
			isa = XCConfigurationList;
			buildConfigurations = (
				FA6323B9264C0EA900E2A39B /* Debug */,
				FA6323BA264C0EA900E2A39B /* Release */,
			);
			defaultConfigurationIsVisible = 0;
			defaultConfigurationName = Release;
		};
/* End XCConfigurationList section */

/* Begin XCVersionGroup section */
		FA6323AD264C0EA800E2A39B /* TaskListCoreData.xcdatamodeld */ = {
			isa = XCVersionGroup;
			children = (
				FA6323AE264C0EA800E2A39B /* TaskListCoreData.xcdatamodel */,
			);
			currentVersion = FA6323AE264C0EA800E2A39B /* TaskListCoreData.xcdatamodel */;
			path = TaskListCoreData.xcdatamodeld;
			sourceTree = "<group>";
			versionGroupType = wrapper.xcdatamodel;
		};
/* End XCVersionGroup section */
	};
	rootObject = FA632399264C0EA800E2A39B /* Project object */;
}
